
Microsoft Visual Studio Solution File, Format Version 12.00
# Visual Studio Version 16
VisualStudioVersion = 16.0.29215.179
MinimumVisualStudioVersion = 10.0.40219.1
Project("{8BC9CEB8-8B4A-11D0-8D11-00A0C91BC942}") = "Link_basic", "Link_basic\Link_basic.vcxproj", "{CD7EF86B-B287-4DBC-8836-EEC40D9CA1EE}"
EndProject
Project("{8BC9CEB8-8B4A-11D0-8D11-00A0C91BC942}") = "C-basic", "C-basic\C-basic.vcxproj", "{07407A62-3692-4476-9050-48E1DAFE3E44}"
EndProject
Project("{8BC9CEB8-8B4A-11D0-8D11-00A0C91BC942}") = "Link-Stack_basic", "Link-Stack_basic\Link-Stack_basic.vcxproj", "{CEB5130E-40DC-4872-8F84-31E88DD7F017}"
EndProject
Project("{8BC9CEB8-8B4A-11D0-8D11-00A0C91BC942}") = "Link-Queue_basic", "Link-Queue_basic\Link-Queue_basic.vcxproj", "{D164053B-FB91-4A32-BF9B-FB36A19EE055}"
EndProject
Project("{8BC9CEB8-8B4A-11D0-8D11-00A0C91BC942}") = "compareCount", "compareCount\compareCount.vcxproj", "{25CAF783-4C3B-4A94-8946-C14717A6A0F9}"
EndProject
Global
	GlobalSection(SolutionConfigurationPlatforms) = preSolution
		Debug|x64 = Debug|x64
		Debug|x86 = Debug|x86
		Release|x64 = Release|x64
		Release|x86 = Release|x86
	EndGlobalSection
	GlobalSection(ProjectConfigurationPlatforms) = postSolution
		{CD7EF86B-B287-4DBC-8836-EEC40D9CA1EE}.Debug|x64.ActiveCfg = Debug|x64
		{CD7EF86B-B287-4DBC-8836-EEC40D9CA1EE}.Debug|x64.Build.0 = Debug|x64
		{CD7EF86B-B287-4DBC-8836-EEC40D9CA1EE}.Debug|x86.ActiveCfg = Debug|Win32
		{CD7EF86B-B287-4DBC-8836-EEC40D9CA1EE}.Debug|x86.Build.0 = Debug|Win32
		{CD7EF86B-B287-4DBC-8836-EEC40D9CA1EE}.Release|x64.ActiveCfg = Release|x64
		{CD7EF86B-B287-4DBC-8836-EEC40D9CA1EE}.Release|x64.Build.0 = Release|x64
		{CD7EF86B-B287-4DBC-8836-EEC40D9CA1EE}.Release|x86.ActiveCfg = Release|Win32
		{CD7EF86B-B287-4DBC-8836-EEC40D9CA1EE}.Release|x86.Build.0 = Release|Win32
		{07407A62-3692-4476-9050-48E1DAFE3E44}.Debug|x64.ActiveCfg = Debug|x64
		{07407A62-3692-4476-9050-48E1DAFE3E44}.Debug|x64.Build.0 = Debug|x64
		{07407A62-3692-4476-9050-48E1DAFE3E44}.Debug|x86.ActiveCfg = Debug|Win32
		{07407A62-3692-4476-9050-48E1DAFE3E44}.Debug|x86.Build.0 = Debug|Win32
		{07407A62-3692-4476-9050-48E1DAFE3E44}.Release|x64.ActiveCfg = Release|x64
		{07407A62-3692-4476-9050-48E1DAFE3E44}.Release|x64.Build.0 = Release|x64
		{07407A62-3692-4476-9050-48E1DAFE3E44}.Release|x86.ActiveCfg = Release|Win32
		{07407A62-3692-4476-9050-48E1DAFE3E44}.Release|x86.Build.0 = Release|Win32
		{CEB5130E-40DC-4872-8F84-31E88DD7F017}.Debug|x64.ActiveCfg = Debug|x64
		{CEB5130E-40DC-4872-8F84-31E88DD7F017}.Debug|x64.Build.0 = Debug|x64
		{CEB5130E-40DC-4872-8F84-31E88DD7F017}.Debug|x86.ActiveCfg = Debug|Win32
		{CEB5130E-40DC-4872-8F84-31E88DD7F017}.Debug|x86.Build.0 = Debug|Win32
		{CEB5130E-40DC-4872-8F84-31E88DD7F017}.Release|x64.ActiveCfg = Release|x64
		{CEB5130E-40DC-4872-8F84-31E88DD7F017}.Release|x64.Build.0 = Release|x64
		{CEB5130E-40DC-4872-8F84-31E88DD7F017}.Release|x86.ActiveCfg = Release|Win32
		{CEB5130E-40DC-4872-8F84-31E88DD7F017}.Release|x86.Build.0 = Release|Win32
		{D164053B-FB91-4A32-BF9B-FB36A19EE055}.Debug|x64.ActiveCfg = Debug|x64
		{D164053B-FB91-4A32-BF9B-FB36A19EE055}.Debug|x64.Build.0 = Debug|x64
		{D164053B-FB91-4A32-BF9B-FB36A19EE055}.Debug|x86.ActiveCfg = Debug|Win32
		{D164053B-FB91-4A32-BF9B-FB36A19EE055}.Debug|x86.Build.0 = Debug|Win32
		{D164053B-FB91-4A32-BF9B-FB36A19EE055}.Release|x64.ActiveCfg = Release|x64
		{D164053B-FB91-4A32-BF9B-FB36A19EE055}.Release|x64.Build.0 = Release|x64
		{D164053B-FB91-4A32-BF9B-FB36A19EE055}.Release|x86.ActiveCfg = Release|Win32
		{D164053B-FB91-4A32-BF9B-FB36A19EE055}.Release|x86.Build.0 = Release|Win32
		{25CAF783-4C3B-4A94-8946-C14717A6A0F9}.Debug|x64.ActiveCfg = Debug|x64
		{25CAF783-4C3B-4A94-8946-C14717A6A0F9}.Debug|x64.Build.0 = Debug|x64
		{25CAF783-4C3B-4A94-8946-C14717A6A0F9}.Debug|x86.ActiveCfg = Debug|Win32
		{25CAF783-4C3B-4A94-8946-C14717A6A0F9}.Debug|x86.Build.0 = Debug|Win32
		{25CAF783-4C3B-4A94-8946-C14717A6A0F9}.Release|x64.ActiveCfg = Release|x64
		{25CAF783-4C3B-4A94-8946-C14717A6A0F9}.Release|x64.Build.0 = Release|x64
		{25CAF783-4C3B-4A94-8946-C14717A6A0F9}.Release|x86.ActiveCfg = Release|Win32
		{25CAF783-4C3B-4A94-8946-C14717A6A0F9}.Release|x86.Build.0 = Release|Win32
	EndGlobalSection
	GlobalSection(SolutionProperties) = preSolution
		HideSolutionNode = FALSE
	EndGlobalSection
	GlobalSection(ExtensibilityGlobals) = postSolution
		SolutionGuid = {1A5C3B0D-503A-4809-9BB0-190B8ED16B1A}
	EndGlobalSection
EndGlobal
